
Microsoft Visual Studio Solution File, Format Version 12.00
# Visual Studio 15
VisualStudioVersion = 15.0.28307.1169
MinimumVisualStudioVersion = 10.0.40219.1
Project("{FAE04EC0-301F-11D3-BF4B-00C04F79EFBC}") = "21_Danial_PA9", "21_Danial_PA9\21_Danial_PA9.csproj", "{DCC1CBEA-ABA1-4082-A713-4F922FD1B8B7}"
EndProject
Global
	GlobalSection(SolutionConfigurationPlatforms) = preSolution
		Debug|Any CPU = Debug|Any CPU
		Release|Any CPU = Release|Any CPU
	EndGlobalSection
	GlobalSection(ProjectConfigurationPlatforms) = postSolution
		{DCC1CBEA-ABA1-4082-A713-4F922FD1B8B7}.Debug|Any CPU.ActiveCfg = Debug|Any CPU
		{DCC1CBEA-ABA1-4082-A713-4F922FD1B8B7}.Debug|Any CPU.Build.0 = Debug|Any CPU
		{DCC1CBEA-ABA1-4082-A713-4F922FD1B8B7}.Release|Any CPU.ActiveCfg = Release|Any CPU
		{DCC1CBEA-ABA1-4082-A713-4F922FD1B8B7}.Release|Any CPU.Build.0 = Release|Any CPU
	EndGlobalSection
	GlobalSection(SolutionProperties) = preSolution
		HideSolutionNode = FALSE
	EndGlobalSection
	GlobalSection(ExtensibilityGlobals) = postSolution
		SolutionGuid = {50D60FEC-34A4-4342-A1BF-EDA237208C1F}
	EndGlobalSection
EndGlobal
